
Microsoft Visual Studio Solution File, Format Version 12.00
# Visual Studio Version 17
VisualStudioVersion = 17.4.33205.214
MinimumVisualStudioVersion = 10.0.40219.1
Project("{FAE04EC0-301F-11D3-BF4B-00C04F79EFBC}") = "switchprog", "switchprog\switchprog.csproj", "{2E041959-BA9E-49A0-80E3-E1F944AEC67E}"
EndProject
Global
	GlobalSection(SolutionConfigurationPlatforms) = preSolution
		Debug|Any CPU = Debug|Any CPU
		Release|Any CPU = Release|Any CPU
	EndGlobalSection
	GlobalSection(ProjectConfigurationPlatforms) = postSolution
		{2E041959-BA9E-49A0-80E3-E1F944AEC67E}.Debug|Any CPU.ActiveCfg = Debug|Any CPU
		{2E041959-BA9E-49A0-80E3-E1F944AEC67E}.Debug|Any CPU.Build.0 = Debug|Any CPU
		{2E041959-BA9E-49A0-80E3-E1F944AEC67E}.Release|Any CPU.ActiveCfg = Release|Any CPU
		{2E041959-BA9E-49A0-80E3-E1F944AEC67E}.Release|Any CPU.Build.0 = Release|Any CPU
	EndGlobalSection
	GlobalSection(SolutionProperties) = preSolution
		HideSolutionNode = FALSE
	EndGlobalSection
	GlobalSection(ExtensibilityGlobals) = postSolution
		SolutionGuid = {C68A018D-BB78-49DA-9141-209237E4DDF5}
	EndGlobalSection
EndGlobal
